{
  "name": "@ckeditor/ckeditor5-paragraph",
  "version": "24.0.0",
  "lockfileVersion": 1,
  "requires": true,
  "dependencies": {
    "@ckeditor/ckeditor5-basic-styles": {
      "version": "24.0.0",
      "resolved": "https://registry.npmjs.org/@ckeditor/ckeditor5-basic-styles/-/ckeditor5-basic-styles-24.0.0.tgz",
      "integrity": "sha512-FdmKgJ5FRfo103ko1CEyy76qFrWtdxpDUVpkVh1Dsx89sT0sT/RkDPU1pAhBGAwq31zUmL1k5BTRsokv5KY8sg==",
      "dev": true,
      "requires": {
        "@ckeditor/ckeditor5-core": "^24.0.0",
        "@ckeditor/ckeditor5-typing": "^24.0.0",
        "@ckeditor/ckeditor5-ui": "^24.0.0"
      }
    },
    "@ckeditor/ckeditor5-clipboard": {
      "version": "24.0.0",
      "resolved": "https://registry.npmjs.org/@ckeditor/ckeditor5-clipboard/-/ckeditor5-clipboard-24.0.0.tgz",
      "integrity": "sha512-0HuNsFHs/TQxjltpHuRKBTC1EsTT6Jmw5naxgPSQqz83gd5yWLKe3VYV/jhK/Fn+0fffP5KZaPYpt6fRfdkF3g==",
      "dev": true,
      "requires": {
        "@ckeditor/ckeditor5-core": "^24.0.0",
        "@ckeditor/ckeditor5-engine": "^24.0.0",
        "@ckeditor/ckeditor5-utils": "^24.0.0"
      }
    },
    "@ckeditor/ckeditor5-core": {
      "version": "24.0.0",
      "resolved": "https://registry.npmjs.org/@ckeditor/ckeditor5-core/-/ckeditor5-core-24.0.0.tgz",
      "integrity": "sha512-regUaX5oFtM5VJkZIfzge3Yg4PxKJkYSC6JcTwewJ2FJ5GB3FvH+vLEJwhAm0qisssy6HBLhXJXjDbCEHTVVCw==",
      "requires": {
        "@ckeditor/ckeditor5-engine": "^24.0.0",
        "@ckeditor/ckeditor5-utils": "^24.0.0",
        "lodash-es": "^4.17.15"
      }
    },
    "@ckeditor/ckeditor5-editor-classic": {
      "version": "24.0.0",
      "resolved": "https://registry.npmjs.org/@ckeditor/ckeditor5-editor-classic/-/ckeditor5-editor-classic-24.0.0.tgz",
      "integrity": "sha512-X6fcGaORLlKhdE/BCGub82P9as6Bka0/W4X3OmW4Wj9Gve0FPWRaHPWVsE4FYHpQlrgckHdhseAitL0rOoFNzw==",
      "dev": true,
      "requires": {
        "@ckeditor/ckeditor5-core": "^24.0.0",
        "@ckeditor/ckeditor5-engine": "^24.0.0",
        "@ckeditor/ckeditor5-ui": "^24.0.0",
        "@ckeditor/ckeditor5-utils": "^24.0.0",
        "lodash-es": "^4.17.15"
      }
    },
    "@ckeditor/ckeditor5-engine": {
      "version": "24.0.0",
      "resolved": "https://registry.npmjs.org/@ckeditor/ckeditor5-engine/-/ckeditor5-engine-24.0.0.tgz",
      "integrity": "sha512-+M/S+q5+2vuwv9oVE0dd2p3Ex0RzQiqfYJMFGmBH2Smj7RKwREYlohtx6DneMmvEbbeVyCz3eFKXgh+RkQhoAA==",
      "requires": {
        "@ckeditor/ckeditor5-utils": "^24.0.0",
        "lodash-es": "^4.17.15"
      }
    },
    "@ckeditor/ckeditor5-enter": {
      "version": "24.0.0",
      "resolved": "https://registry.npmjs.org/@ckeditor/ckeditor5-enter/-/ckeditor5-enter-24.0.0.tgz",
      "integrity": "sha512-+CUAck4KI4ZKwvlGPG9XsH8h2yTAZ11BlIU8uOp5A1KriU/fq7W4r6o1eeooR/QSib1c+4ferqWqom+meNwjAA==",
      "dev": true,
      "requires": {
        "@ckeditor/ckeditor5-core": "^24.0.0",
        "@ckeditor/ckeditor5-engine": "^24.0.0",
        "@ckeditor/ckeditor5-utils": "^24.0.0"
      }
    },
    "@ckeditor/ckeditor5-heading": {
      "version": "24.0.0",
      "resolved": "https://registry.npmjs.org/@ckeditor/ckeditor5-heading/-/ckeditor5-heading-24.0.0.tgz",
      "integrity": "sha512-oW8unKxs0DBmUfEmpmwkkPy+tKJX3DPe0ULDFUQGxyoLU1ekdtXkGSPgxL1mC6QhnbaU8kjE4bmY3/qRhEPHvg==",
      "dev": true,
      "requires": {
        "@ckeditor/ckeditor5-core": "^24.0.0",
        "@ckeditor/ckeditor5-paragraph": "^24.0.0",
        "@ckeditor/ckeditor5-ui": "^24.0.0",
        "@ckeditor/ckeditor5-utils": "^24.0.0"
      }
    },
    "@ckeditor/ckeditor5-image": {
      "version": "24.0.0",
      "resolved": "https://registry.npmjs.org/@ckeditor/ckeditor5-image/-/ckeditor5-image-24.0.0.tgz",
      "integrity": "sha512-Fjj+dHCSGeZMiAxJaUPuFg3bmSf1FJNh1yyaSRFVyUSOnQaWFsKgf18HFZkBGPI86OyOP1mzF6hqfVT1VaRc2w==",
      "dev": true,
      "requires": {
        "@ckeditor/ckeditor5-clipboard": "^24.0.0",
        "@ckeditor/ckeditor5-core": "^24.0.0",
        "@ckeditor/ckeditor5-engine": "^24.0.0",
        "@ckeditor/ckeditor5-ui": "^24.0.0",
        "@ckeditor/ckeditor5-upload": "^24.0.0",
        "@ckeditor/ckeditor5-utils": "^24.0.0",
        "@ckeditor/ckeditor5-widget": "^24.0.0"
      }
    },
    "@ckeditor/ckeditor5-link": {
      "version": "24.0.0",
      "resolved": "https://registry.npmjs.org/@ckeditor/ckeditor5-link/-/ckeditor5-link-24.0.0.tgz",
      "integrity": "sha512-zA1xTu2GgQfqkc3Tp3Fqa921XmeeEkUnGR1p3y7BMN5YShpM0s+A0mkghRiJEWJ1hB44672oJZXgLB+B54XP5w==",
      "dev": true,
      "requires": {
        "@ckeditor/ckeditor5-clipboard": "^24.0.0",
        "@ckeditor/ckeditor5-core": "^24.0.0",
        "@ckeditor/ckeditor5-engine": "^24.0.0",
        "@ckeditor/ckeditor5-image": "^24.0.0",
        "@ckeditor/ckeditor5-typing": "^24.0.0",
        "@ckeditor/ckeditor5-ui": "^24.0.0",
        "@ckeditor/ckeditor5-utils": "^24.0.0",
        "lodash-es": "^4.17.15"
      }
    },
    "@ckeditor/ckeditor5-paragraph": {
      "version": "24.0.0",
      "resolved": "https://registry.npmjs.org/@ckeditor/ckeditor5-paragraph/-/ckeditor5-paragraph-24.0.0.tgz",
      "integrity": "sha512-6+Vic15IYILXhGXXtMjTm1tfDg26rzupO47NT1t0YbTb8kdlb1XdBxjHhZYsBPgLymQOzj5ssBg44SW8oylCLw==",
      "dev": true,
      "requires": {
        "@ckeditor/ckeditor5-core": "^24.0.0",
        "@ckeditor/ckeditor5-ui": "^24.0.0",
        "@ckeditor/ckeditor5-utils": "^24.0.0"
      }
    },
    "@ckeditor/ckeditor5-typing": {
      "version": "24.0.0",
      "resolved": "https://registry.npmjs.org/@ckeditor/ckeditor5-typing/-/ckeditor5-typing-24.0.0.tgz",
      "integrity": "sha512-hB5YDC0mMs0+HA69A+x/7ifwdnCbHo2UOX3yz4os9aid5qXIFOt1OXiktYnOuIQI9tJwDWrV+CiLSp8x6Zs2BA==",
      "dev": true,
      "requires": {
        "@ckeditor/ckeditor5-core": "^24.0.0",
        "@ckeditor/ckeditor5-engine": "^24.0.0",
        "@ckeditor/ckeditor5-utils": "^24.0.0",
        "lodash-es": "^4.17.15"
      }
    },
    "@ckeditor/ckeditor5-ui": {
      "version": "24.0.0",
      "resolved": "https://registry.npmjs.org/@ckeditor/ckeditor5-ui/-/ckeditor5-ui-24.0.0.tgz",
      "integrity": "sha512-/HtAmJ1qLy5YVuJVfqItY6WJeY4Wqxu6SJYPCMMmm489Ky5Ea44FgINv9AF7pVnDIP7LJ+/hzFJCXQZr1Ud+jw==",
      "requires": {
        "@ckeditor/ckeditor5-core": "^24.0.0",
        "@ckeditor/ckeditor5-utils": "^24.0.0",
        "lodash-es": "^4.17.15"
      }
    },
    "@ckeditor/ckeditor5-undo": {
      "version": "24.0.0",
      "resolved": "https://registry.npmjs.org/@ckeditor/ckeditor5-undo/-/ckeditor5-undo-24.0.0.tgz",
      "integrity": "sha512-pcMQQFqiR3mcG13wd84M+g+b4rKD26hd+X6EnOAVWWnkn/xSgRjdl+/T8vFWw73KDzY8/bdZVClWMMBPQH8Smw==",
      "dev": true,
      "requires": {
        "@ckeditor/ckeditor5-core": "^24.0.0",
        "@ckeditor/ckeditor5-engine": "^24.0.0",
        "@ckeditor/ckeditor5-ui": "^24.0.0"
      }
    },
    "@ckeditor/ckeditor5-upload": {
      "version": "24.0.0",
      "resolved": "https://registry.npmjs.org/@ckeditor/ckeditor5-upload/-/ckeditor5-upload-24.0.0.tgz",
      "integrity": "sha512-1sPSTcDM/7q3C4HqBKm0ReHJFdDlpORTMzXsvN6YH9nmB+kI4QY52NG0MLfQEQfNSHdeTjUxqnmvelhxjBD3KA==",
      "dev": true,
      "requires": {
        "@ckeditor/ckeditor5-core": "^24.0.0",
        "@ckeditor/ckeditor5-ui": "^24.0.0",
        "@ckeditor/ckeditor5-utils": "^24.0.0"
      }
    },
    "@ckeditor/ckeditor5-utils": {
      "version": "24.0.0",
      "resolved": "https://registry.npmjs.org/@ckeditor/ckeditor5-utils/-/ckeditor5-utils-24.0.0.tgz",
      "integrity": "sha512-m+8ZuO7Gqv5WDGnoI1Y7VA8cwCa9+26/Unth6PCBq3UvOT2ivm310YTItE8TqlP14aJk178UZj8VoMTj+V3jwQ==",
      "requires": {
        "lodash-es": "^4.17.15"
      }
    },
    "@ckeditor/ckeditor5-widget": {
      "version": "24.0.0",
      "resolved": "https://registry.npmjs.org/@ckeditor/ckeditor5-widget/-/ckeditor5-widget-24.0.0.tgz",
      "integrity": "sha512-uFbByWlCDApzA6PpwmcdrU8hpgHvD6GzGCrifhJCN4SYfV6ioKmufoaRCQkBnilgbXeplcO6wG4AAynWoaPwkw==",
      "dev": true,
      "requires": {
        "@ckeditor/ckeditor5-core": "^24.0.0",
        "@ckeditor/ckeditor5-engine": "^24.0.0",
        "@ckeditor/ckeditor5-typing": "^24.0.0",
        "@ckeditor/ckeditor5-ui": "^24.0.0",
        "@ckeditor/ckeditor5-utils": "^24.0.0",
        "lodash-es": "^4.17.15"
      }
    },
    "lodash-es": {
      "version": "4.17.15",
      "resolved": "https://registry.npmjs.org/lodash-es/-/lodash-es-4.17.15.tgz",
      "integrity": "sha512-rlrc3yU3+JNOpZ9zj5pQtxnx2THmvRykwL4Xlxoa8I9lHBlVbbyPhgyPMioxVZ4NqyxaVVtaJnzsyOidQIhyyQ=="
    }
  }
}
